
Microsoft Visual Studio Solution File, Format Version 12.00
# Visual Studio 2013
VisualStudioVersion = 12.0.21005.1
MinimumVisualStudioVersion = 10.0.40219.1
Project("{FAE04EC0-301F-11D3-BF4B-00C04F79EFBC}") = "InfluenceDiagram", "InfluenceDiagram\InfluenceDiagram.csproj", "{4B2500D3-CF70-4701-B9E1-23101FB235D1}"
	ProjectSection(ProjectDependencies) = postProject
		{EDB5E8A6-830C-4EA0-B309-C35019ABA183} = {EDB5E8A6-830C-4EA0-B309-C35019ABA183}
	EndProjectSection
EndProject
Project("{FAE04EC0-301F-11D3-BF4B-00C04F79EFBC}") = "NCalc", "Evaluant.Calculator\NCalc.csproj", "{5F014003-50D8-49E0-8AFE-91D38DCCC97C}"
EndProject
Project("{6141683F-8A12-4E36-9623-2EB02B2C2303}") = "SetupInfluenceDiagram", "SetupInfluenceDiagram\SetupInfluenceDiagram.isproj", "{6D4C11E2-A3D1-4982-9E03-6CE03B13560B}"
	ProjectSection(ProjectDependencies) = postProject
		{5F014003-50D8-49E0-8AFE-91D38DCCC97C} = {5F014003-50D8-49E0-8AFE-91D38DCCC97C}
		{4B2500D3-CF70-4701-B9E1-23101FB235D1} = {4B2500D3-CF70-4701-B9E1-23101FB235D1}
	EndProjectSection
EndProject
Project("{FAE04EC0-301F-11D3-BF4B-00C04F79EFBC}") = "ShaderEffectLibrary", "ShaderEffectLibrary\ShaderEffectLibrary.csproj", "{EDB5E8A6-830C-4EA0-B309-C35019ABA183}"
EndProject
Global
	GlobalSection(SolutionConfigurationPlatforms) = preSolution
		CD_ROM|Any CPU = CD_ROM|Any CPU
		CD_ROM|x64 = CD_ROM|x64
		CD_ROM|x86 = CD_ROM|x86
		Debug|Any CPU = Debug|Any CPU
		Debug|x64 = Debug|x64
		Debug|x86 = Debug|x86
		DVD-5|Any CPU = DVD-5|Any CPU
		DVD-5|x64 = DVD-5|x64
		DVD-5|x86 = DVD-5|x86
		Release|Any CPU = Release|Any CPU
		Release|x64 = Release|x64
		Release|x86 = Release|x86
		SingleImage|Any CPU = SingleImage|Any CPU
		SingleImage|x64 = SingleImage|x64
		SingleImage|x86 = SingleImage|x86
	EndGlobalSection
	GlobalSection(ProjectConfigurationPlatforms) = postSolution
		{4B2500D3-CF70-4701-B9E1-23101FB235D1}.CD_ROM|Any CPU.ActiveCfg = Release|Any CPU
		{4B2500D3-CF70-4701-B9E1-23101FB235D1}.CD_ROM|Any CPU.Build.0 = Release|Any CPU
		{4B2500D3-CF70-4701-B9E1-23101FB235D1}.CD_ROM|x64.ActiveCfg = Release|x64
		{4B2500D3-CF70-4701-B9E1-23101FB235D1}.CD_ROM|x64.Build.0 = Release|x64
		{4B2500D3-CF70-4701-B9E1-23101FB235D1}.CD_ROM|x86.ActiveCfg = Release|x86
		{4B2500D3-CF70-4701-B9E1-23101FB235D1}.CD_ROM|x86.Build.0 = Release|x86
		{4B2500D3-CF70-4701-B9E1-23101FB235D1}.Debug|Any CPU.ActiveCfg = Debug|Any CPU
		{4B2500D3-CF70-4701-B9E1-23101FB235D1}.Debug|Any CPU.Build.0 = Debug|Any CPU
		{4B2500D3-CF70-4701-B9E1-23101FB235D1}.Debug|x64.ActiveCfg = Debug|x64
		{4B2500D3-CF70-4701-B9E1-23101FB235D1}.Debug|x64.Build.0 = Debug|x64
		{4B2500D3-CF70-4701-B9E1-23101FB235D1}.Debug|x86.ActiveCfg = Debug|x86
		{4B2500D3-CF70-4701-B9E1-23101FB235D1}.Debug|x86.Build.0 = Debug|x86
		{4B2500D3-CF70-4701-B9E1-23101FB235D1}.DVD-5|Any CPU.ActiveCfg = Debug|Any CPU
		{4B2500D3-CF70-4701-B9E1-23101FB235D1}.DVD-5|Any CPU.Build.0 = Debug|Any CPU
		{4B2500D3-CF70-4701-B9E1-23101FB235D1}.DVD-5|x64.ActiveCfg = Debug|x64
		{4B2500D3-CF70-4701-B9E1-23101FB235D1}.DVD-5|x64.Build.0 = Debug|x64
		{4B2500D3-CF70-4701-B9E1-23101FB235D1}.DVD-5|x86.ActiveCfg = Debug|x86
		{4B2500D3-CF70-4701-B9E1-23101FB235D1}.DVD-5|x86.Build.0 = Debug|x86
		{4B2500D3-CF70-4701-B9E1-23101FB235D1}.Release|Any CPU.ActiveCfg = Release|Any CPU
		{4B2500D3-CF70-4701-B9E1-23101FB235D1}.Release|Any CPU.Build.0 = Release|Any CPU
		{4B2500D3-CF70-4701-B9E1-23101FB235D1}.Release|x64.ActiveCfg = Release|x64
		{4B2500D3-CF70-4701-B9E1-23101FB235D1}.Release|x64.Build.0 = Release|x64
		{4B2500D3-CF70-4701-B9E1-23101FB235D1}.Release|x86.ActiveCfg = Release|x86
		{4B2500D3-CF70-4701-B9E1-23101FB235D1}.Release|x86.Build.0 = Release|x86
		{4B2500D3-CF70-4701-B9E1-23101FB235D1}.SingleImage|Any CPU.ActiveCfg = Release|Any CPU
		{4B2500D3-CF70-4701-B9E1-23101FB235D1}.SingleImage|Any CPU.Build.0 = Release|Any CPU
		{4B2500D3-CF70-4701-B9E1-23101FB235D1}.SingleImage|x64.ActiveCfg = Release|x64
		{4B2500D3-CF70-4701-B9E1-23101FB235D1}.SingleImage|x64.Build.0 = Release|x64
		{4B2500D3-CF70-4701-B9E1-23101FB235D1}.SingleImage|x86.ActiveCfg = Release|x86
		{4B2500D3-CF70-4701-B9E1-23101FB235D1}.SingleImage|x86.Build.0 = Release|x86
		{5F014003-50D8-49E0-8AFE-91D38DCCC97C}.CD_ROM|Any CPU.ActiveCfg = Release|Any CPU
		{5F014003-50D8-49E0-8AFE-91D38DCCC97C}.CD_ROM|Any CPU.Build.0 = Release|Any CPU
		{5F014003-50D8-49E0-8AFE-91D38DCCC97C}.CD_ROM|x64.ActiveCfg = Release|x64
		{5F014003-50D8-49E0-8AFE-91D38DCCC97C}.CD_ROM|x64.Build.0 = Release|x64
		{5F014003-50D8-49E0-8AFE-91D38DCCC97C}.CD_ROM|x86.ActiveCfg = Release|x86
		{5F014003-50D8-49E0-8AFE-91D38DCCC97C}.CD_ROM|x86.Build.0 = Release|x86
		{5F014003-50D8-49E0-8AFE-91D38DCCC97C}.Debug|Any CPU.ActiveCfg = Debug|Any CPU
		{5F014003-50D8-49E0-8AFE-91D38DCCC97C}.Debug|Any CPU.Build.0 = Debug|Any CPU
		{5F014003-50D8-49E0-8AFE-91D38DCCC97C}.Debug|x64.ActiveCfg = Debug|x64
		{5F014003-50D8-49E0-8AFE-91D38DCCC97C}.Debug|x64.Build.0 = Debug|x64
		{5F014003-50D8-49E0-8AFE-91D38DCCC97C}.Debug|x86.ActiveCfg = Debug|x86
		{5F014003-50D8-49E0-8AFE-91D38DCCC97C}.Debug|x86.Build.0 = Debug|x86
		{5F014003-50D8-49E0-8AFE-91D38DCCC97C}.DVD-5|Any CPU.ActiveCfg = Debug|Any CPU
		{5F014003-50D8-49E0-8AFE-91D38DCCC97C}.DVD-5|Any CPU.Build.0 = Debug|Any CPU
		{5F014003-50D8-49E0-8AFE-91D38DCCC97C}.DVD-5|x64.ActiveCfg = Debug|x64
		{5F014003-50D8-49E0-8AFE-91D38DCCC97C}.DVD-5|x64.Build.0 = Debug|x64
		{5F014003-50D8-49E0-8AFE-91D38DCCC97C}.DVD-5|x86.ActiveCfg = Debug|x86
		{5F014003-50D8-49E0-8AFE-91D38DCCC97C}.DVD-5|x86.Build.0 = Debug|x86
		{5F014003-50D8-49E0-8AFE-91D38DCCC97C}.Release|Any CPU.ActiveCfg = Release|Any CPU
		{5F014003-50D8-49E0-8AFE-91D38DCCC97C}.Release|Any CPU.Build.0 = Release|Any CPU
		{5F014003-50D8-49E0-8AFE-91D38DCCC97C}.Release|x64.ActiveCfg = Release|x64
		{5F014003-50D8-49E0-8AFE-91D38DCCC97C}.Release|x64.Build.0 = Release|x64
		{5F014003-50D8-49E0-8AFE-91D38DCCC97C}.Release|x86.ActiveCfg = Release|x86
		{5F014003-50D8-49E0-8AFE-91D38DCCC97C}.Release|x86.Build.0 = Release|x86
		{5F014003-50D8-49E0-8AFE-91D38DCCC97C}.SingleImage|Any CPU.ActiveCfg = Release|Any CPU
		{5F014003-50D8-49E0-8AFE-91D38DCCC97C}.SingleImage|Any CPU.Build.0 = Release|Any CPU
		{5F014003-50D8-49E0-8AFE-91D38DCCC97C}.SingleImage|x64.ActiveCfg = Release|x64
		{5F014003-50D8-49E0-8AFE-91D38DCCC97C}.SingleImage|x64.Build.0 = Release|x64
		{5F014003-50D8-49E0-8AFE-91D38DCCC97C}.SingleImage|x86.ActiveCfg = Release|x86
		{6D4C11E2-A3D1-4982-9E03-6CE03B13560B}.CD_ROM|Any CPU.ActiveCfg = CD_ROM
		{6D4C11E2-A3D1-4982-9E03-6CE03B13560B}.CD_ROM|Any CPU.Build.0 = CD_ROM
		{6D4C11E2-A3D1-4982-9E03-6CE03B13560B}.CD_ROM|x64.ActiveCfg = CD_ROM
		{6D4C11E2-A3D1-4982-9E03-6CE03B13560B}.CD_ROM|x64.Build.0 = CD_ROM
		{6D4C11E2-A3D1-4982-9E03-6CE03B13560B}.CD_ROM|x86.ActiveCfg = CD_ROM
		{6D4C11E2-A3D1-4982-9E03-6CE03B13560B}.CD_ROM|x86.Build.0 = CD_ROM
		{6D4C11E2-A3D1-4982-9E03-6CE03B13560B}.Debug|Any CPU.ActiveCfg = DVD-5
		{6D4C11E2-A3D1-4982-9E03-6CE03B13560B}.Debug|Any CPU.Build.0 = DVD-5
		{6D4C11E2-A3D1-4982-9E03-6CE03B13560B}.Debug|x64.ActiveCfg = DVD-5
		{6D4C11E2-A3D1-4982-9E03-6CE03B13560B}.Debug|x64.Build.0 = DVD-5
		{6D4C11E2-A3D1-4982-9E03-6CE03B13560B}.Debug|x86.ActiveCfg = DVD-5
		{6D4C11E2-A3D1-4982-9E03-6CE03B13560B}.Debug|x86.Build.0 = DVD-5
		{6D4C11E2-A3D1-4982-9E03-6CE03B13560B}.DVD-5|Any CPU.ActiveCfg = DVD-5
		{6D4C11E2-A3D1-4982-9E03-6CE03B13560B}.DVD-5|Any CPU.Build.0 = DVD-5
		{6D4C11E2-A3D1-4982-9E03-6CE03B13560B}.DVD-5|x64.ActiveCfg = DVD-5
		{6D4C11E2-A3D1-4982-9E03-6CE03B13560B}.DVD-5|x64.Build.0 = DVD-5
		{6D4C11E2-A3D1-4982-9E03-6CE03B13560B}.DVD-5|x86.ActiveCfg = DVD-5
		{6D4C11E2-A3D1-4982-9E03-6CE03B13560B}.DVD-5|x86.Build.0 = DVD-5
		{6D4C11E2-A3D1-4982-9E03-6CE03B13560B}.Release|Any CPU.ActiveCfg = SingleImage
		{6D4C11E2-A3D1-4982-9E03-6CE03B13560B}.Release|Any CPU.Build.0 = SingleImage
		{6D4C11E2-A3D1-4982-9E03-6CE03B13560B}.Release|x64.ActiveCfg = SingleImage
		{6D4C11E2-A3D1-4982-9E03-6CE03B13560B}.Release|x64.Build.0 = SingleImage
		{6D4C11E2-A3D1-4982-9E03-6CE03B13560B}.Release|x86.ActiveCfg = SingleImage
		{6D4C11E2-A3D1-4982-9E03-6CE03B13560B}.Release|x86.Build.0 = SingleImage
		{6D4C11E2-A3D1-4982-9E03-6CE03B13560B}.SingleImage|Any CPU.ActiveCfg = SingleImage
		{6D4C11E2-A3D1-4982-9E03-6CE03B13560B}.SingleImage|Any CPU.Build.0 = SingleImage
		{6D4C11E2-A3D1-4982-9E03-6CE03B13560B}.SingleImage|x64.ActiveCfg = SingleImage
		{6D4C11E2-A3D1-4982-9E03-6CE03B13560B}.SingleImage|x64.Build.0 = SingleImage
		{6D4C11E2-A3D1-4982-9E03-6CE03B13560B}.SingleImage|x86.ActiveCfg = SingleImage
		{6D4C11E2-A3D1-4982-9E03-6CE03B13560B}.SingleImage|x86.Build.0 = SingleImage
		{EDB5E8A6-830C-4EA0-B309-C35019ABA183}.CD_ROM|Any CPU.ActiveCfg = Release|Any CPU
		{EDB5E8A6-830C-4EA0-B309-C35019ABA183}.CD_ROM|Any CPU.Build.0 = Release|Any CPU
		{EDB5E8A6-830C-4EA0-B309-C35019ABA183}.CD_ROM|x64.ActiveCfg = Release|Any CPU
		{EDB5E8A6-830C-4EA0-B309-C35019ABA183}.CD_ROM|x86.ActiveCfg = Release|Any CPU
		{EDB5E8A6-830C-4EA0-B309-C35019ABA183}.Debug|Any CPU.ActiveCfg = Debug|Any CPU
		{EDB5E8A6-830C-4EA0-B309-C35019ABA183}.Debug|Any CPU.Build.0 = Debug|Any CPU
		{EDB5E8A6-830C-4EA0-B309-C35019ABA183}.Debug|x64.ActiveCfg = Debug|Any CPU
		{EDB5E8A6-830C-4EA0-B309-C35019ABA183}.Debug|x86.ActiveCfg = Debug|Any CPU
		{EDB5E8A6-830C-4EA0-B309-C35019ABA183}.DVD-5|Any CPU.ActiveCfg = Debug|Any CPU
		{EDB5E8A6-830C-4EA0-B309-C35019ABA183}.DVD-5|Any CPU.Build.0 = Debug|Any CPU
		{EDB5E8A6-830C-4EA0-B309-C35019ABA183}.DVD-5|x64.ActiveCfg = Debug|Any CPU
		{EDB5E8A6-830C-4EA0-B309-C35019ABA183}.DVD-5|x86.ActiveCfg = Debug|Any CPU
		{EDB5E8A6-830C-4EA0-B309-C35019ABA183}.Release|Any CPU.ActiveCfg = Release|Any CPU
		{EDB5E8A6-830C-4EA0-B309-C35019ABA183}.Release|Any CPU.Build.0 = Release|Any CPU
		{EDB5E8A6-830C-4EA0-B309-C35019ABA183}.Release|x64.ActiveCfg = Release|Any CPU
		{EDB5E8A6-830C-4EA0-B309-C35019ABA183}.Release|x86.ActiveCfg = Release|Any CPU
		{EDB5E8A6-830C-4EA0-B309-C35019ABA183}.SingleImage|Any CPU.ActiveCfg = Release|Any CPU
		{EDB5E8A6-830C-4EA0-B309-C35019ABA183}.SingleImage|Any CPU.Build.0 = Release|Any CPU
		{EDB5E8A6-830C-4EA0-B309-C35019ABA183}.SingleImage|x64.ActiveCfg = Release|Any CPU
		{EDB5E8A6-830C-4EA0-B309-C35019ABA183}.SingleImage|x86.ActiveCfg = Release|Any CPU
	EndGlobalSection
	GlobalSection(SolutionProperties) = preSolution
		HideSolutionNode = FALSE
	EndGlobalSection
EndGlobal
